<Solution>
  <Folder Name="/src/">
    <Project Path="src/Estoque.API/Estoque.API.csproj" />
    <Project Path="src/Estoque.Application/Estoque.Application.csproj" />
    <Project Path="src/Estoque.Domain/Estoque.Domain.csproj" />
    <Project Path="src/Estoque.Infrastructure/Estoque.Infrastructure.csproj" />
  </Folder>
  <Folder Name="/tests/">
    <Project Path="tests/Estoque.Tests.Unit/Estoque.Tests.Unit.csproj" />
  </Folder>
</Solution>
